
Microsoft Visual Studio Solution File, Format Version 12.00
# Visual Studio Version 17
VisualStudioVersion = 17.4.32916.344
MinimumVisualStudioVersion = 10.0.40219.1
Project("{9A19103F-16F7-4668-BE54-9A1E7A4F7556}") = "MyHomeServer.Server", "MyHomeServer\Server\MyHomeServer.Server.csproj", "{AC7A087C-8B2A-4372-8DB5-84CEBEA9E002}"
EndProject
Project("{9A19103F-16F7-4668-BE54-9A1E7A4F7556}") = "MyHomeServer.Client", "MyHomeServer\Client\MyHomeServer.Client.csproj", "{2C7EB347-1273-45B1-8288-07E24A9927B6}"
EndProject
Project("{9A19103F-16F7-4668-BE54-9A1E7A4F7556}") = "MyHomeServer.Shared", "MyHomeServer\Shared\MyHomeServer.Shared.csproj", "{A8058BD3-5A0A-4833-B338-F9F322303C53}"
EndProject
Project("{2150E333-8FDC-42A3-9474-1A3956D46DE8}") = "Solution Items", "Solution Items", "{48DF383B-E82B-4D35-81B7-2B061C867047}"
	ProjectSection(SolutionItems) = preProject
		.gitignore = .gitignore
	EndProjectSection
EndProject
Global
	GlobalSection(SolutionConfigurationPlatforms) = preSolution
		Debug|Any CPU = Debug|Any CPU
		Release|Any CPU = Release|Any CPU
	EndGlobalSection
	GlobalSection(ProjectConfigurationPlatforms) = postSolution
		{AC7A087C-8B2A-4372-8DB5-84CEBEA9E002}.Debug|Any CPU.ActiveCfg = Debug|Any CPU
		{AC7A087C-8B2A-4372-8DB5-84CEBEA9E002}.Debug|Any CPU.Build.0 = Debug|Any CPU
		{AC7A087C-8B2A-4372-8DB5-84CEBEA9E002}.Release|Any CPU.ActiveCfg = Release|Any CPU
		{AC7A087C-8B2A-4372-8DB5-84CEBEA9E002}.Release|Any CPU.Build.0 = Release|Any CPU
		{2C7EB347-1273-45B1-8288-07E24A9927B6}.Debug|Any CPU.ActiveCfg = Debug|Any CPU
		{2C7EB347-1273-45B1-8288-07E24A9927B6}.Debug|Any CPU.Build.0 = Debug|Any CPU
		{2C7EB347-1273-45B1-8288-07E24A9927B6}.Release|Any CPU.ActiveCfg = Release|Any CPU
		{2C7EB347-1273-45B1-8288-07E24A9927B6}.Release|Any CPU.Build.0 = Release|Any CPU
		{A8058BD3-5A0A-4833-B338-F9F322303C53}.Debug|Any CPU.ActiveCfg = Debug|Any CPU
		{A8058BD3-5A0A-4833-B338-F9F322303C53}.Debug|Any CPU.Build.0 = Debug|Any CPU
		{A8058BD3-5A0A-4833-B338-F9F322303C53}.Release|Any CPU.ActiveCfg = Release|Any CPU
		{A8058BD3-5A0A-4833-B338-F9F322303C53}.Release|Any CPU.Build.0 = Release|Any CPU
	EndGlobalSection
	GlobalSection(SolutionProperties) = preSolution
		HideSolutionNode = FALSE
	EndGlobalSection
	GlobalSection(ExtensibilityGlobals) = postSolution
		SolutionGuid = {1B514AE0-34B2-4ED2-AB1C-3F3CEEEA7D30}
	EndGlobalSection
EndGlobal
